{
  "version": 4,
  "terraform_version": "1.9.2",
  "serial": 7,
  "lineage": "d763ad18-f7be-e271-fa1f-46e8edd44d10",
  "outputs": {
    "vm_ips": {
      "value": [
        "10.0.0.10",
        "10.0.0.11",
        "10.0.0.12"
      ],
      "type": [
        "tuple",
        [
          "string",
          "string",
          "string"
        ]
      ]
    }
  },
  "resources": [
    {
      "mode": "managed",
      "type": "yandex_vpc_network",
      "name": "default",
      "provider": "provider[\"registry.terraform.io/yandex-cloud/yandex\"]",
      "instances": [
        {
          "schema_version": 0,
          "attributes": {
            "created_at": "2025-06-19T08:31:56Z",
            "default_security_group_id": "enp8s42k5son080987kk",
            "description": "",
            "folder_id": "b1gi4l1poheljr3noi21",
            "id": "enp2o78d6agl99vllhg8",
            "labels": {},
            "name": "network",
            "subnet_ids": [],
            "timeouts": null
          },
          "sensitive_attributes": [],
          "private": "eyJlMmJmYjczMC1lY2FhLTExZTYtOGY4OC0zNDM2M2JjN2M0YzAiOnsiY3JlYXRlIjo2MDAwMDAwMDAwMCwiZGVsZXRlIjo2MDAwMDAwMDAwMCwidXBkYXRlIjo2MDAwMDAwMDAwMH19"
        }
      ]
    },
    {
      "mode": "managed",
      "type": "yandex_vpc_subnet",
      "name": "default",
      "provider": "provider[\"registry.terraform.io/yandex-cloud/yandex\"]",
      "instances": [
        {
          "schema_version": 0,
          "attributes": {
            "created_at": "2025-06-19T08:31:58Z",
            "description": "",
            "dhcp_options": [],
            "folder_id": "b1gi4l1poheljr3noi21",
            "id": "e9bc8si7b857tjkj7t53",
            "labels": {},
            "name": "subnet",
            "network_id": "enp2o78d6agl99vllhg8",
            "route_table_id": "",
            "timeouts": null,
            "v4_cidr_blocks": [
              "10.0.0.0/24"
            ],
            "v6_cidr_blocks": [],
            "zone": "ru-central1-a"
          },
          "sensitive_attributes": [],
          "private": "eyJlMmJmYjczMC1lY2FhLTExZTYtOGY4OC0zNDM2M2JjN2M0YzAiOnsiY3JlYXRlIjoxODAwMDAwMDAwMDAsImRlbGV0ZSI6MTgwMDAwMDAwMDAwLCJ1cGRhdGUiOjE4MDAwMDAwMDAwMH19",
          "dependencies": [
            "yandex_vpc_network.default"
          ]
        }
      ]
    }
  ],
  "check_results": null
}
